
Microsoft Visual Studio Solution File, Format Version 12.00
# Visual Studio Version 16
VisualStudioVersion = 16.0.33328.57
MinimumVisualStudioVersion = 10.0.40219.1
Project("{FAE04EC0-301F-11D3-BF4B-00C04F79EFBC}") = "epostagonder", "epostagonder\epostagonder.csproj", "{F8802F30-65D7-43AB-9F80-B4FDF9A0091C}"
EndProject
Global
	GlobalSection(SolutionConfigurationPlatforms) = preSolution
		Debug|Any CPU = Debug|Any CPU
		Release|Any CPU = Release|Any CPU
	EndGlobalSection
	GlobalSection(ProjectConfigurationPlatforms) = postSolution
		{F8802F30-65D7-43AB-9F80-B4FDF9A0091C}.Debug|Any CPU.ActiveCfg = Debug|Any CPU
		{F8802F30-65D7-43AB-9F80-B4FDF9A0091C}.Debug|Any CPU.Build.0 = Debug|Any CPU
		{F8802F30-65D7-43AB-9F80-B4FDF9A0091C}.Release|Any CPU.ActiveCfg = Release|Any CPU
		{F8802F30-65D7-43AB-9F80-B4FDF9A0091C}.Release|Any CPU.Build.0 = Release|Any CPU
	EndGlobalSection
	GlobalSection(SolutionProperties) = preSolution
		HideSolutionNode = FALSE
	EndGlobalSection
	GlobalSection(ExtensibilityGlobals) = postSolution
		SolutionGuid = {6A3DD791-BC7A-4B77-80F8-124F579A2BC2}
	EndGlobalSection
EndGlobal
